Microsoft Visual Studio Solution File, Format Version 12.00
# Visual Studio Version 17
VisualStudioVersion = 17.5.2.0
MinimumVisualStudioVersion = 10.0.40219.1
Project("{FAE04EC0-301F-11D3-BF4B-00C04F79EFBC}") = "api-docker", "api-docker.csproj", "{98D074E5-ABF6-C7EB-F8D4-F20721E427DE}"
EndProject
Global
	GlobalSection(SolutionConfigurationPlatforms) = preSolution
		Debug|Any CPU = Debug|Any CPU
		Release|Any CPU = Release|Any CPU
	EndGlobalSection
	GlobalSection(ProjectConfigurationPlatforms) = postSolution
		{98D074E5-ABF6-C7EB-F8D4-F20721E427DE}.Debug|Any CPU.ActiveCfg = Debug|Any CPU
		{98D074E5-ABF6-C7EB-F8D4-F20721E427DE}.Debug|Any CPU.Build.0 = Debug|Any CPU
		{98D074E5-ABF6-C7EB-F8D4-F20721E427DE}.Release|Any CPU.ActiveCfg = Release|Any CPU
		{98D074E5-ABF6-C7EB-F8D4-F20721E427DE}.Release|Any CPU.Build.0 = Release|Any CPU
	EndGlobalSection
	GlobalSection(SolutionProperties) = preSolution
		HideSolutionNode = FALSE
	EndGlobalSection
	GlobalSection(ExtensibilityGlobals) = postSolution
		SolutionGuid = {A4EED4ED-E7DE-45D9-A3C7-74C11D8C5E6C}
	EndGlobalSection
EndGlobal
