
Microsoft Visual Studio Solution File, Format Version 12.00
# Visual Studio Version 17
VisualStudioVersion = 17.12.35527.113
MinimumVisualStudioVersion = 10.0.40219.1
Project("{FAE04EC0-301F-11D3-BF4B-00C04F79EFBC}") = "_demo01", "_demo01\_demo01.csproj", "{9D4536ED-3979-4D84-876E-3F5D5812465E}"
EndProject
Project("{FAE04EC0-301F-11D3-BF4B-00C04F79EFBC}") = "_demo02", "_demo02\_demo02.csproj", "{E34EE3F9-5FF8-49DB-BF2F-851A1E06A440}"
EndProject
Project("{FAE04EC0-301F-11D3-BF4B-00C04F79EFBC}") = "exercice01", "exercice01\exercice01.csproj", "{FD67D99F-65FB-4BB0-98E5-5737B19B946E}"
EndProject
Global
	GlobalSection(SolutionConfigurationPlatforms) = preSolution
		Debug|Any CPU = Debug|Any CPU
		Release|Any CPU = Release|Any CPU
	EndGlobalSection
	GlobalSection(ProjectConfigurationPlatforms) = postSolution
		{9D4536ED-3979-4D84-876E-3F5D5812465E}.Debug|Any CPU.ActiveCfg = Debug|Any CPU
		{9D4536ED-3979-4D84-876E-3F5D5812465E}.Debug|Any CPU.Build.0 = Debug|Any CPU
		{9D4536ED-3979-4D84-876E-3F5D5812465E}.Release|Any CPU.ActiveCfg = Release|Any CPU
		{9D4536ED-3979-4D84-876E-3F5D5812465E}.Release|Any CPU.Build.0 = Release|Any CPU
		{E34EE3F9-5FF8-49DB-BF2F-851A1E06A440}.Debug|Any CPU.ActiveCfg = Debug|Any CPU
		{E34EE3F9-5FF8-49DB-BF2F-851A1E06A440}.Debug|Any CPU.Build.0 = Debug|Any CPU
		{E34EE3F9-5FF8-49DB-BF2F-851A1E06A440}.Release|Any CPU.ActiveCfg = Release|Any CPU
		{E34EE3F9-5FF8-49DB-BF2F-851A1E06A440}.Release|Any CPU.Build.0 = Release|Any CPU
		{FD67D99F-65FB-4BB0-98E5-5737B19B946E}.Debug|Any CPU.ActiveCfg = Debug|Any CPU
		{FD67D99F-65FB-4BB0-98E5-5737B19B946E}.Debug|Any CPU.Build.0 = Debug|Any CPU
		{FD67D99F-65FB-4BB0-98E5-5737B19B946E}.Release|Any CPU.ActiveCfg = Release|Any CPU
		{FD67D99F-65FB-4BB0-98E5-5737B19B946E}.Release|Any CPU.Build.0 = Release|Any CPU
	EndGlobalSection
	GlobalSection(SolutionProperties) = preSolution
		HideSolutionNode = FALSE
	EndGlobalSection
EndGlobal
