
Microsoft Visual Studio Solution File, Format Version 12.00
# Visual Studio Version 17
VisualStudioVersion = 17.12.35527.113
MinimumVisualStudioVersion = 10.0.40219.1
Project("{FAE04EC0-301F-11D3-BF4B-00C04F79EFBC}") = "exercice01", "exercice01\exercice01.csproj", "{26CF754B-5955-4859-B1EC-58D996DD57C8}"
EndProject
Project("{FAE04EC0-301F-11D3-BF4B-00C04F79EFBC}") = "exercice02", "exercice02\exercice02.csproj", "{31163CAB-7F63-42B6-9FF1-4340A6A51C27}"
EndProject
Project("{FAE04EC0-301F-11D3-BF4B-00C04F79EFBC}") = "exercice03", "exercice03\exercice03.csproj", "{DEC3B39B-229B-4A39-BA53-32E6C75FD706}"
EndProject
Project("{FAE04EC0-301F-11D3-BF4B-00C04F79EFBC}") = "exercice04", "exercice04\exercice04.csproj", "{963B26F9-3C29-4BDC-B9D7-FFBEAC2D721E}"
EndProject
Global
	GlobalSection(SolutionConfigurationPlatforms) = preSolution
		Debug|Any CPU = Debug|Any CPU
		Release|Any CPU = Release|Any CPU
	EndGlobalSection
	GlobalSection(ProjectConfigurationPlatforms) = postSolution
		{26CF754B-5955-4859-B1EC-58D996DD57C8}.Debug|Any CPU.ActiveCfg = Debug|Any CPU
		{26CF754B-5955-4859-B1EC-58D996DD57C8}.Debug|Any CPU.Build.0 = Debug|Any CPU
		{26CF754B-5955-4859-B1EC-58D996DD57C8}.Release|Any CPU.ActiveCfg = Release|Any CPU
		{26CF754B-5955-4859-B1EC-58D996DD57C8}.Release|Any CPU.Build.0 = Release|Any CPU
		{31163CAB-7F63-42B6-9FF1-4340A6A51C27}.Debug|Any CPU.ActiveCfg = Debug|Any CPU
		{31163CAB-7F63-42B6-9FF1-4340A6A51C27}.Debug|Any CPU.Build.0 = Debug|Any CPU
		{31163CAB-7F63-42B6-9FF1-4340A6A51C27}.Release|Any CPU.ActiveCfg = Release|Any CPU
		{31163CAB-7F63-42B6-9FF1-4340A6A51C27}.Release|Any CPU.Build.0 = Release|Any CPU
		{DEC3B39B-229B-4A39-BA53-32E6C75FD706}.Debug|Any CPU.ActiveCfg = Debug|Any CPU
		{DEC3B39B-229B-4A39-BA53-32E6C75FD706}.Debug|Any CPU.Build.0 = Debug|Any CPU
		{DEC3B39B-229B-4A39-BA53-32E6C75FD706}.Release|Any CPU.ActiveCfg = Release|Any CPU
		{DEC3B39B-229B-4A39-BA53-32E6C75FD706}.Release|Any CPU.Build.0 = Release|Any CPU
		{963B26F9-3C29-4BDC-B9D7-FFBEAC2D721E}.Debug|Any CPU.ActiveCfg = Debug|Any CPU
		{963B26F9-3C29-4BDC-B9D7-FFBEAC2D721E}.Debug|Any CPU.Build.0 = Debug|Any CPU
		{963B26F9-3C29-4BDC-B9D7-FFBEAC2D721E}.Release|Any CPU.ActiveCfg = Release|Any CPU
		{963B26F9-3C29-4BDC-B9D7-FFBEAC2D721E}.Release|Any CPU.Build.0 = Release|Any CPU
	EndGlobalSection
	GlobalSection(SolutionProperties) = preSolution
		HideSolutionNode = FALSE
	EndGlobalSection
EndGlobal
