
Microsoft Visual Studio Solution File, Format Version 12.00
# Visual Studio Version 17
VisualStudioVersion = 17.12.35527.113
MinimumVisualStudioVersion = 10.0.40219.1
Project("{FAE04EC0-301F-11D3-BF4B-00C04F79EFBC}") = "exercice01", "exercice01\exercice01.csproj", "{26CF754B-5955-4859-B1EC-58D996DD57C8}"
EndProject
Project("{FAE04EC0-301F-11D3-BF4B-00C04F79EFBC}") = "exercice02", "exercice02\exercice02.csproj", "{31163CAB-7F63-42B6-9FF1-4340A6A51C27}"
EndProject
Project("{FAE04EC0-301F-11D3-BF4B-00C04F79EFBC}") = "exercice03", "exercice03\exercice03.csproj", "{DEC3B39B-229B-4A39-BA53-32E6C75FD706}"
EndProject
Project("{FAE04EC0-301F-11D3-BF4B-00C04F79EFBC}") = "exercice04", "exercice04\exercice04.csproj", "{963B26F9-3C29-4BDC-B9D7-FFBEAC2D721E}"
EndProject
Project("{FAE04EC0-301F-11D3-BF4B-00C04F79EFBC}") = "exercice05", "exercice05\exercice05.csproj", "{00345545-44F0-47E7-98FE-09D297252575}"
EndProject
Project("{FAE04EC0-301F-11D3-BF4B-00C04F79EFBC}") = "exercice06", "exercice06\exercice06.csproj", "{FFFDC97F-8AAF-4DA3-8F52-7777C5FAA0E7}"
EndProject
Project("{FAE04EC0-301F-11D3-BF4B-00C04F79EFBC}") = "exercice07", "exercice07\exercice07.csproj", "{ED4A4A63-CF74-495C-BD6B-71C46FB8AD40}"
EndProject
Project("{FAE04EC0-301F-11D3-BF4B-00C04F79EFBC}") = "exercice08", "exercice08\exercice08.csproj", "{42F5867F-09A2-44C3-96D3-C2D882669F1D}"
EndProject
Project("{FAE04EC0-301F-11D3-BF4B-00C04F79EFBC}") = "exercice09", "exercice09\exercice09.csproj", "{D3F5C259-9883-46F9-8D51-D4A698CA22F3}"
EndProject
Project("{FAE04EC0-301F-11D3-BF4B-00C04F79EFBC}") = "exercice10", "ConsoleApp2\exercice10.csproj", "{606A19EB-D7D6-4308-8A67-8950A5FB2CC6}"
EndProject
Project("{FAE04EC0-301F-11D3-BF4B-00C04F79EFBC}") = "exercice11", "exercice11\exercice11.csproj", "{26AB8B75-EF86-4ADF-A584-56086FE224E9}"
EndProject
Project("{FAE04EC0-301F-11D3-BF4B-00C04F79EFBC}") = "exercice12", "exercice12\exercice12.csproj", "{0BF08843-AB93-4372-B870-523A289DB931}"
EndProject
Project("{FAE04EC0-301F-11D3-BF4B-00C04F79EFBC}") = "exercice13", "exercice13\exercice13.csproj", "{CC9CCBE5-B0AA-48C8-8457-7C3332C5F7FC}"
EndProject
Project("{FAE04EC0-301F-11D3-BF4B-00C04F79EFBC}") = "exercice14", "exercice14\exercice14.csproj", "{BA5D109E-143C-470F-8FAD-97BCAA167FE9}"
EndProject
Project("{FAE04EC0-301F-11D3-BF4B-00C04F79EFBC}") = "exercice15", "exercice15\exercice15.csproj", "{A69AB9A0-326A-4DA4-B573-6F2543AAE061}"
EndProject
Project("{FAE04EC0-301F-11D3-BF4B-00C04F79EFBC}") = "exercice16", "exercice16\exercice16.csproj", "{0419DB32-F5A0-4983-A90A-5372564422E1}"
EndProject
Project("{FAE04EC0-301F-11D3-BF4B-00C04F79EFBC}") = "exercice17", "exercice17\exercice17.csproj", "{465175FD-0FEF-4204-A689-0418345E8DA6}"
EndProject
Project("{FAE04EC0-301F-11D3-BF4B-00C04F79EFBC}") = "exercice18", "exercice18\exercice18.csproj", "{B5CE1933-D59A-4C54-8B92-15D128CFAFA0}"
EndProject
Project("{FAE04EC0-301F-11D3-BF4B-00C04F79EFBC}") = "exercice19", "exercice19\exercice19.csproj", "{735D3ADC-6523-41B5-B2A8-69157DC3452B}"
EndProject
Project("{FAE04EC0-301F-11D3-BF4B-00C04F79EFBC}") = "exercice20", "exercice20\exercice20.csproj", "{F77090A2-E65F-44D6-BE95-6064156B8215}"
EndProject
Project("{FAE04EC0-301F-11D3-BF4B-00C04F79EFBC}") = "exercice21", "exercice21\exercice21.csproj", "{10A1E8AA-1DEC-4FC1-A46E-6825DF6F6C3C}"
EndProject
Project("{FAE04EC0-301F-11D3-BF4B-00C04F79EFBC}") = "exercice22", "exercice22\exercice22.csproj", "{E3BE854C-9AEC-49BF-8EA0-D704753E5A6A}"
EndProject
Project("{FAE04EC0-301F-11D3-BF4B-00C04F79EFBC}") = "exercice23", "exercice23\exercice23.csproj", "{56DFF631-1531-4BFB-9E78-BED3038DCA75}"
EndProject
Project("{FAE04EC0-301F-11D3-BF4B-00C04F79EFBC}") = "exercice24", "exercice24\exercice24.csproj", "{E8AC0FDF-04E8-40F5-8EDF-144CBE521E96}"
EndProject
Project("{FAE04EC0-301F-11D3-BF4B-00C04F79EFBC}") = "exercice25", "exercice25\exercice25.csproj", "{0DAD6E37-BFF6-4F44-B0CD-0442DE3F6C04}"
EndProject
Project("{FAE04EC0-301F-11D3-BF4B-00C04F79EFBC}") = "exercice26", "exercice26\exercice26.csproj", "{67923976-C628-413C-B937-0D2FB0607D44}"
EndProject
Project("{FAE04EC0-301F-11D3-BF4B-00C04F79EFBC}") = "exercice27", "exercice27\exercice27.csproj", "{B8838603-6273-44A6-B3C0-A5F8FE6F1C57}"
EndProject
Project("{FAE04EC0-301F-11D3-BF4B-00C04F79EFBC}") = "exercice27bis", "exercice27bis\exercice27bis.csproj", "{4E2C304B-E91F-43A4-904A-64577274442B}"
EndProject
Project("{FAE04EC0-301F-11D3-BF4B-00C04F79EFBC}") = "exercice25bis", "exercice25bis\exercice25bis.csproj", "{AE7DE4C3-3731-4DEB-A4E7-C7C5CCFE7C05}"
EndProject
Global
	GlobalSection(SolutionConfigurationPlatforms) = preSolution
		Debug|Any CPU = Debug|Any CPU
		Release|Any CPU = Release|Any CPU
	EndGlobalSection
	GlobalSection(ProjectConfigurationPlatforms) = postSolution
		{26CF754B-5955-4859-B1EC-58D996DD57C8}.Debug|Any CPU.ActiveCfg = Debug|Any CPU
		{26CF754B-5955-4859-B1EC-58D996DD57C8}.Debug|Any CPU.Build.0 = Debug|Any CPU
		{26CF754B-5955-4859-B1EC-58D996DD57C8}.Release|Any CPU.ActiveCfg = Release|Any CPU
		{26CF754B-5955-4859-B1EC-58D996DD57C8}.Release|Any CPU.Build.0 = Release|Any CPU
		{31163CAB-7F63-42B6-9FF1-4340A6A51C27}.Debug|Any CPU.ActiveCfg = Debug|Any CPU
		{31163CAB-7F63-42B6-9FF1-4340A6A51C27}.Debug|Any CPU.Build.0 = Debug|Any CPU
		{31163CAB-7F63-42B6-9FF1-4340A6A51C27}.Release|Any CPU.ActiveCfg = Release|Any CPU
		{31163CAB-7F63-42B6-9FF1-4340A6A51C27}.Release|Any CPU.Build.0 = Release|Any CPU
		{DEC3B39B-229B-4A39-BA53-32E6C75FD706}.Debug|Any CPU.ActiveCfg = Debug|Any CPU
		{DEC3B39B-229B-4A39-BA53-32E6C75FD706}.Debug|Any CPU.Build.0 = Debug|Any CPU
		{DEC3B39B-229B-4A39-BA53-32E6C75FD706}.Release|Any CPU.ActiveCfg = Release|Any CPU
		{DEC3B39B-229B-4A39-BA53-32E6C75FD706}.Release|Any CPU.Build.0 = Release|Any CPU
		{963B26F9-3C29-4BDC-B9D7-FFBEAC2D721E}.Debug|Any CPU.ActiveCfg = Debug|Any CPU
		{963B26F9-3C29-4BDC-B9D7-FFBEAC2D721E}.Debug|Any CPU.Build.0 = Debug|Any CPU
		{963B26F9-3C29-4BDC-B9D7-FFBEAC2D721E}.Release|Any CPU.ActiveCfg = Release|Any CPU
		{963B26F9-3C29-4BDC-B9D7-FFBEAC2D721E}.Release|Any CPU.Build.0 = Release|Any CPU
		{00345545-44F0-47E7-98FE-09D297252575}.Debug|Any CPU.ActiveCfg = Debug|Any CPU
		{00345545-44F0-47E7-98FE-09D297252575}.Debug|Any CPU.Build.0 = Debug|Any CPU
		{00345545-44F0-47E7-98FE-09D297252575}.Release|Any CPU.ActiveCfg = Release|Any CPU
		{00345545-44F0-47E7-98FE-09D297252575}.Release|Any CPU.Build.0 = Release|Any CPU
		{FFFDC97F-8AAF-4DA3-8F52-7777C5FAA0E7}.Debug|Any CPU.ActiveCfg = Debug|Any CPU
		{FFFDC97F-8AAF-4DA3-8F52-7777C5FAA0E7}.Debug|Any CPU.Build.0 = Debug|Any CPU
		{FFFDC97F-8AAF-4DA3-8F52-7777C5FAA0E7}.Release|Any CPU.ActiveCfg = Release|Any CPU
		{FFFDC97F-8AAF-4DA3-8F52-7777C5FAA0E7}.Release|Any CPU.Build.0 = Release|Any CPU
		{ED4A4A63-CF74-495C-BD6B-71C46FB8AD40}.Debug|Any CPU.ActiveCfg = Debug|Any CPU
		{ED4A4A63-CF74-495C-BD6B-71C46FB8AD40}.Debug|Any CPU.Build.0 = Debug|Any CPU
		{ED4A4A63-CF74-495C-BD6B-71C46FB8AD40}.Release|Any CPU.ActiveCfg = Release|Any CPU
		{ED4A4A63-CF74-495C-BD6B-71C46FB8AD40}.Release|Any CPU.Build.0 = Release|Any CPU
		{42F5867F-09A2-44C3-96D3-C2D882669F1D}.Debug|Any CPU.ActiveCfg = Debug|Any CPU
		{42F5867F-09A2-44C3-96D3-C2D882669F1D}.Debug|Any CPU.Build.0 = Debug|Any CPU
		{42F5867F-09A2-44C3-96D3-C2D882669F1D}.Release|Any CPU.ActiveCfg = Release|Any CPU
		{42F5867F-09A2-44C3-96D3-C2D882669F1D}.Release|Any CPU.Build.0 = Release|Any CPU
		{D3F5C259-9883-46F9-8D51-D4A698CA22F3}.Debug|Any CPU.ActiveCfg = Debug|Any CPU
		{D3F5C259-9883-46F9-8D51-D4A698CA22F3}.Debug|Any CPU.Build.0 = Debug|Any CPU
		{D3F5C259-9883-46F9-8D51-D4A698CA22F3}.Release|Any CPU.ActiveCfg = Release|Any CPU
		{D3F5C259-9883-46F9-8D51-D4A698CA22F3}.Release|Any CPU.Build.0 = Release|Any CPU
		{606A19EB-D7D6-4308-8A67-8950A5FB2CC6}.Debug|Any CPU.ActiveCfg = Debug|Any CPU
		{606A19EB-D7D6-4308-8A67-8950A5FB2CC6}.Debug|Any CPU.Build.0 = Debug|Any CPU
		{606A19EB-D7D6-4308-8A67-8950A5FB2CC6}.Release|Any CPU.ActiveCfg = Release|Any CPU
		{606A19EB-D7D6-4308-8A67-8950A5FB2CC6}.Release|Any CPU.Build.0 = Release|Any CPU
		{26AB8B75-EF86-4ADF-A584-56086FE224E9}.Debug|Any CPU.ActiveCfg = Debug|Any CPU
		{26AB8B75-EF86-4ADF-A584-56086FE224E9}.Debug|Any CPU.Build.0 = Debug|Any CPU
		{26AB8B75-EF86-4ADF-A584-56086FE224E9}.Release|Any CPU.ActiveCfg = Release|Any CPU
		{26AB8B75-EF86-4ADF-A584-56086FE224E9}.Release|Any CPU.Build.0 = Release|Any CPU
		{0BF08843-AB93-4372-B870-523A289DB931}.Debug|Any CPU.ActiveCfg = Debug|Any CPU
		{0BF08843-AB93-4372-B870-523A289DB931}.Debug|Any CPU.Build.0 = Debug|Any CPU
		{0BF08843-AB93-4372-B870-523A289DB931}.Release|Any CPU.ActiveCfg = Release|Any CPU
		{0BF08843-AB93-4372-B870-523A289DB931}.Release|Any CPU.Build.0 = Release|Any CPU
		{CC9CCBE5-B0AA-48C8-8457-7C3332C5F7FC}.Debug|Any CPU.ActiveCfg = Debug|Any CPU
		{CC9CCBE5-B0AA-48C8-8457-7C3332C5F7FC}.Debug|Any CPU.Build.0 = Debug|Any CPU
		{CC9CCBE5-B0AA-48C8-8457-7C3332C5F7FC}.Release|Any CPU.ActiveCfg = Release|Any CPU
		{CC9CCBE5-B0AA-48C8-8457-7C3332C5F7FC}.Release|Any CPU.Build.0 = Release|Any CPU
		{BA5D109E-143C-470F-8FAD-97BCAA167FE9}.Debug|Any CPU.ActiveCfg = Debug|Any CPU
		{BA5D109E-143C-470F-8FAD-97BCAA167FE9}.Debug|Any CPU.Build.0 = Debug|Any CPU
		{BA5D109E-143C-470F-8FAD-97BCAA167FE9}.Release|Any CPU.ActiveCfg = Release|Any CPU
		{BA5D109E-143C-470F-8FAD-97BCAA167FE9}.Release|Any CPU.Build.0 = Release|Any CPU
		{A69AB9A0-326A-4DA4-B573-6F2543AAE061}.Debug|Any CPU.ActiveCfg = Debug|Any CPU
		{A69AB9A0-326A-4DA4-B573-6F2543AAE061}.Debug|Any CPU.Build.0 = Debug|Any CPU
		{A69AB9A0-326A-4DA4-B573-6F2543AAE061}.Release|Any CPU.ActiveCfg = Release|Any CPU
		{A69AB9A0-326A-4DA4-B573-6F2543AAE061}.Release|Any CPU.Build.0 = Release|Any CPU
		{0419DB32-F5A0-4983-A90A-5372564422E1}.Debug|Any CPU.ActiveCfg = Debug|Any CPU
		{0419DB32-F5A0-4983-A90A-5372564422E1}.Debug|Any CPU.Build.0 = Debug|Any CPU
		{0419DB32-F5A0-4983-A90A-5372564422E1}.Release|Any CPU.ActiveCfg = Release|Any CPU
		{0419DB32-F5A0-4983-A90A-5372564422E1}.Release|Any CPU.Build.0 = Release|Any CPU
		{465175FD-0FEF-4204-A689-0418345E8DA6}.Debug|Any CPU.ActiveCfg = Debug|Any CPU
		{465175FD-0FEF-4204-A689-0418345E8DA6}.Debug|Any CPU.Build.0 = Debug|Any CPU
		{465175FD-0FEF-4204-A689-0418345E8DA6}.Release|Any CPU.ActiveCfg = Release|Any CPU
		{465175FD-0FEF-4204-A689-0418345E8DA6}.Release|Any CPU.Build.0 = Release|Any CPU
		{B5CE1933-D59A-4C54-8B92-15D128CFAFA0}.Debug|Any CPU.ActiveCfg = Debug|Any CPU
		{B5CE1933-D59A-4C54-8B92-15D128CFAFA0}.Debug|Any CPU.Build.0 = Debug|Any CPU
		{B5CE1933-D59A-4C54-8B92-15D128CFAFA0}.Release|Any CPU.ActiveCfg = Release|Any CPU
		{B5CE1933-D59A-4C54-8B92-15D128CFAFA0}.Release|Any CPU.Build.0 = Release|Any CPU
		{735D3ADC-6523-41B5-B2A8-69157DC3452B}.Debug|Any CPU.ActiveCfg = Debug|Any CPU
		{735D3ADC-6523-41B5-B2A8-69157DC3452B}.Debug|Any CPU.Build.0 = Debug|Any CPU
		{735D3ADC-6523-41B5-B2A8-69157DC3452B}.Release|Any CPU.ActiveCfg = Release|Any CPU
		{735D3ADC-6523-41B5-B2A8-69157DC3452B}.Release|Any CPU.Build.0 = Release|Any CPU
		{F77090A2-E65F-44D6-BE95-6064156B8215}.Debug|Any CPU.ActiveCfg = Debug|Any CPU
		{F77090A2-E65F-44D6-BE95-6064156B8215}.Debug|Any CPU.Build.0 = Debug|Any CPU
		{F77090A2-E65F-44D6-BE95-6064156B8215}.Release|Any CPU.ActiveCfg = Release|Any CPU
		{F77090A2-E65F-44D6-BE95-6064156B8215}.Release|Any CPU.Build.0 = Release|Any CPU
		{10A1E8AA-1DEC-4FC1-A46E-6825DF6F6C3C}.Debug|Any CPU.ActiveCfg = Debug|Any CPU
		{10A1E8AA-1DEC-4FC1-A46E-6825DF6F6C3C}.Debug|Any CPU.Build.0 = Debug|Any CPU
		{10A1E8AA-1DEC-4FC1-A46E-6825DF6F6C3C}.Release|Any CPU.ActiveCfg = Release|Any CPU
		{10A1E8AA-1DEC-4FC1-A46E-6825DF6F6C3C}.Release|Any CPU.Build.0 = Release|Any CPU
		{E3BE854C-9AEC-49BF-8EA0-D704753E5A6A}.Debug|Any CPU.ActiveCfg = Debug|Any CPU
		{E3BE854C-9AEC-49BF-8EA0-D704753E5A6A}.Debug|Any CPU.Build.0 = Debug|Any CPU
		{E3BE854C-9AEC-49BF-8EA0-D704753E5A6A}.Release|Any CPU.ActiveCfg = Release|Any CPU
		{E3BE854C-9AEC-49BF-8EA0-D704753E5A6A}.Release|Any CPU.Build.0 = Release|Any CPU
		{56DFF631-1531-4BFB-9E78-BED3038DCA75}.Debug|Any CPU.ActiveCfg = Debug|Any CPU
		{56DFF631-1531-4BFB-9E78-BED3038DCA75}.Debug|Any CPU.Build.0 = Debug|Any CPU
		{56DFF631-1531-4BFB-9E78-BED3038DCA75}.Release|Any CPU.ActiveCfg = Release|Any CPU
		{56DFF631-1531-4BFB-9E78-BED3038DCA75}.Release|Any CPU.Build.0 = Release|Any CPU
		{E8AC0FDF-04E8-40F5-8EDF-144CBE521E96}.Debug|Any CPU.ActiveCfg = Debug|Any CPU
		{E8AC0FDF-04E8-40F5-8EDF-144CBE521E96}.Debug|Any CPU.Build.0 = Debug|Any CPU
		{E8AC0FDF-04E8-40F5-8EDF-144CBE521E96}.Release|Any CPU.ActiveCfg = Release|Any CPU
		{E8AC0FDF-04E8-40F5-8EDF-144CBE521E96}.Release|Any CPU.Build.0 = Release|Any CPU
		{0DAD6E37-BFF6-4F44-B0CD-0442DE3F6C04}.Debug|Any CPU.ActiveCfg = Debug|Any CPU
		{0DAD6E37-BFF6-4F44-B0CD-0442DE3F6C04}.Debug|Any CPU.Build.0 = Debug|Any CPU
		{0DAD6E37-BFF6-4F44-B0CD-0442DE3F6C04}.Release|Any CPU.ActiveCfg = Release|Any CPU
		{0DAD6E37-BFF6-4F44-B0CD-0442DE3F6C04}.Release|Any CPU.Build.0 = Release|Any CPU
		{67923976-C628-413C-B937-0D2FB0607D44}.Debug|Any CPU.ActiveCfg = Debug|Any CPU
		{67923976-C628-413C-B937-0D2FB0607D44}.Debug|Any CPU.Build.0 = Debug|Any CPU
		{67923976-C628-413C-B937-0D2FB0607D44}.Release|Any CPU.ActiveCfg = Release|Any CPU
		{67923976-C628-413C-B937-0D2FB0607D44}.Release|Any CPU.Build.0 = Release|Any CPU
		{B8838603-6273-44A6-B3C0-A5F8FE6F1C57}.Debug|Any CPU.ActiveCfg = Debug|Any CPU
		{B8838603-6273-44A6-B3C0-A5F8FE6F1C57}.Debug|Any CPU.Build.0 = Debug|Any CPU
		{B8838603-6273-44A6-B3C0-A5F8FE6F1C57}.Release|Any CPU.ActiveCfg = Release|Any CPU
		{B8838603-6273-44A6-B3C0-A5F8FE6F1C57}.Release|Any CPU.Build.0 = Release|Any CPU
		{4E2C304B-E91F-43A4-904A-64577274442B}.Debug|Any CPU.ActiveCfg = Debug|Any CPU
		{4E2C304B-E91F-43A4-904A-64577274442B}.Debug|Any CPU.Build.0 = Debug|Any CPU
		{4E2C304B-E91F-43A4-904A-64577274442B}.Release|Any CPU.ActiveCfg = Release|Any CPU
		{4E2C304B-E91F-43A4-904A-64577274442B}.Release|Any CPU.Build.0 = Release|Any CPU
		{AE7DE4C3-3731-4DEB-A4E7-C7C5CCFE7C05}.Debug|Any CPU.ActiveCfg = Debug|Any CPU
		{AE7DE4C3-3731-4DEB-A4E7-C7C5CCFE7C05}.Debug|Any CPU.Build.0 = Debug|Any CPU
		{AE7DE4C3-3731-4DEB-A4E7-C7C5CCFE7C05}.Release|Any CPU.ActiveCfg = Release|Any CPU
		{AE7DE4C3-3731-4DEB-A4E7-C7C5CCFE7C05}.Release|Any CPU.Build.0 = Release|Any CPU
	EndGlobalSection
	GlobalSection(SolutionProperties) = preSolution
		HideSolutionNode = FALSE
	EndGlobalSection
EndGlobal
